<?xml version="1.0" encoding="utf-8"?>
<Project ToolsVersion="4.0" xmlns="http://schemas.microsoft.com/developer/msbuild/2003">
  <ItemGroup>
    <Filter Include="소스 파일">
      <UniqueIdentifier>{4FC737F1-C7A5-4376-A066-2A32D752A2FF}</UniqueIdentifier>
      <Extensions>cpp;c;cc;cxx;c++;cppm;ixx;def;odl;idl;hpj;bat;asm;asmx</Extensions>
    </Filter>
    <Filter Include="헤더 파일">
      <UniqueIdentifier>{93995380-89BD-4b04-88EB-625FBE52EBFB}</UniqueIdentifier>
      <Extensions>h;hh;hpp;hxx;h++;hm;inl;inc;ipp;xsd</Extensions>
    </Filter>
    <Filter Include="리소스 파일">
      <UniqueIdentifier>{67DA6AB6-F800-4c08-8B7A-83BB121AAD01}</UniqueIdentifier>
      <Extensions>rc;ico;cur;bmp;dlg;rc2;rct;bin;rgs;gif;jpg;jpeg;jpe;resx;tiff;tif;png;wav;mfcribbon-ms</Extensions>
    </Filter>
  </ItemGroup>
  <ItemGroup>
    <ClCompile Include="main.cpp">
      <Filter>소스 파일</Filter>
    </ClCompile>
    <ClCompile Include="AttackManager.cpp">
      <Filter>소스 파일</Filter>
    </ClCompile>
    <ClCompile Include="ChatCharacter.cpp">
      <Filter>소스 파일</Filter>
    </ClCompile>
    <ClCompile Include="DBData.cpp">
      <Filter>소스 파일</Filter>
    </ClCompile>
    <ClCompile Include="DBThreadWrapper.cpp">
      <Filter>소스 파일</Filter>
    </ClCompile>
    <ClCompile Include="EasyMonsterGroup.cpp">
      <Filter>소스 파일</Filter>
    </ClCompile>
    <ClCompile Include="FieldObjectManager.cpp">
      <Filter>소스 파일</Filter>
    </ClCompile>
    <ClCompile Include="flat_unordered_set.cpp">
      <Filter>소스 파일</Filter>
    </ClCompile>
    <ClCompile Include="GameDataLoader.cpp">
      <Filter>소스 파일</Filter>
    </ClCompile>
    <ClCompile Include="GameObject.cpp">
      <Filter>소스 파일</Filter>
    </ClCompile>
    <ClCompile Include="GroupCommon.cpp">
      <Filter>소스 파일</Filter>
    </ClCompile>
    <ClCompile Include="Item.cpp">
      <Filter>소스 파일</Filter>
    </ClCompile>
    <ClCompile Include="Monster.cpp">
      <Filter>소스 파일</Filter>
    </ClCompile>
    <ClCompile Include="ObjectManager.cpp">
      <Filter>소스 파일</Filter>
    </ClCompile>
    <ClCompile Include="Player.cpp">
      <Filter>소스 파일</Filter>
    </ClCompile>
    <ClCompile Include="PveAttackManager.cpp">
      <Filter>소스 파일</Filter>
    </ClCompile>
    <ClCompile Include="PvpAttackManager.cpp">
      <Filter>소스 파일</Filter>
    </ClCompile>
    <ClCompile Include="PVPGroup.cpp">
      <Filter>소스 파일</Filter>
    </ClCompile>
    <ClCompile Include="Range.cpp">
      <Filter>소스 파일</Filter>
    </ClCompile>
    <ClCompile Include="Sector.cpp">
      <Filter>소스 파일</Filter>
    </ClCompile>
    <ClCompile Include="Server.cpp">
      <Filter>소스 파일</Filter>
    </ClCompile>
    <ClCompile Include="VillageGroup.cpp">
      <Filter>소스 파일</Filter>
    </ClCompile>
    <ClCompile Include="main.cpp">
      <Filter>소스 파일</Filter>
    </ClCompile>
    <ClCompile Include="..\..\..\..\..\OneDrive\university\portfolio\packetParser\FVector.cpp">
      <Filter>소스 파일</Filter>
    </ClCompile>
    <ClCompile Include="HardMonsterGroup.cpp">
      <Filter>소스 파일</Filter>
    </ClCompile>
  </ItemGroup>
  <ItemGroup>
    <ClInclude Include="AttackData.h">
      <Filter>소스 파일</Filter>
    </ClInclude>
    <ClInclude Include="AttackManager.h">
      <Filter>소스 파일</Filter>
    </ClInclude>
    <ClInclude Include="ChatCharacter.h">
      <Filter>소스 파일</Filter>
    </ClInclude>
    <ClInclude Include="DBData.h">
      <Filter>소스 파일</Filter>
    </ClInclude>
    <ClInclude Include="DBThreadWrapper.h">
      <Filter>소스 파일</Filter>
    </ClInclude>
    <ClInclude Include="EasyMonsterGroup.h">
      <Filter>소스 파일</Filter>
    </ClInclude>
    <ClInclude Include="FieldObjectManager.h">
      <Filter>소스 파일</Filter>
    </ClInclude>
    <ClInclude Include="flat_unordered_set.h">
      <Filter>소스 파일</Filter>
    </ClInclude>
    <ClInclude Include="GameDataLoader.h">
      <Filter>소스 파일</Filter>
    </ClInclude>
    <ClInclude Include="GameMap.h">
      <Filter>소스 파일</Filter>
    </ClInclude>
    <ClInclude Include="GameObject.h">
      <Filter>소스 파일</Filter>
    </ClInclude>
    <ClInclude Include="GroupCommon.h">
      <Filter>소스 파일</Filter>
    </ClInclude>
    <ClInclude Include="Item.h">
      <Filter>소스 파일</Filter>
    </ClInclude>
    <ClInclude Include="Map.h">
      <Filter>소스 파일</Filter>
    </ClInclude>
    <ClInclude Include="MockData.h">
      <Filter>소스 파일</Filter>
    </ClInclude>
    <ClInclude Include="Monster.h">
      <Filter>소스 파일</Filter>
    </ClInclude>
    <ClInclude Include="ObjectManager.h">
      <Filter>소스 파일</Filter>
    </ClInclude>
    <ClInclude Include="Player.h">
      <Filter>소스 파일</Filter>
    </ClInclude>
    <ClInclude Include="PveAttackManager.h">
      <Filter>소스 파일</Filter>
    </ClInclude>
    <ClInclude Include="PvpAttackManager.h">
      <Filter>소스 파일</Filter>
    </ClInclude>
    <ClInclude Include="PVPGroup.h">
      <Filter>소스 파일</Filter>
    </ClInclude>
    <ClInclude Include="Rand.h">
      <Filter>소스 파일</Filter>
    </ClInclude>
    <ClInclude Include="Range.h">
      <Filter>소스 파일</Filter>
    </ClInclude>
    <ClInclude Include="Sector.h">
      <Filter>소스 파일</Filter>
    </ClInclude>
    <ClInclude Include="Server.h">
      <Filter>소스 파일</Filter>
    </ClInclude>
    <ClInclude Include="ServerInitData.h">
      <Filter>소스 파일</Filter>
    </ClInclude>
    <ClInclude Include="TableData.h">
      <Filter>소스 파일</Filter>
    </ClInclude>
    <ClInclude Include="VillageGroup.h">
      <Filter>소스 파일</Filter>
    </ClInclude>
    <ClInclude Include="..\..\..\..\OneDrive\university\portfolio\packetParser\ContentTypes.h">
      <Filter>헤더 파일</Filter>
    </ClInclude>
    <ClInclude Include="..\..\..\..\OneDrive\university\portfolio\packetParser\FVector.h">
      <Filter>헤더 파일</Filter>
    </ClInclude>
    <ClInclude Include="..\..\..\..\OneDrive\university\portfolio\packetParser\GameData.h">
      <Filter>헤더 파일</Filter>
    </ClInclude>
    <ClInclude Include="..\..\..\..\OneDrive\university\portfolio\packetParser\NameString.h">
      <Filter>헤더 파일</Filter>
    </ClInclude>
    <ClInclude Include="..\..\..\..\OneDrive\university\portfolio\packetParser\PacketGenerated.h">
      <Filter>헤더 파일</Filter>
    </ClInclude>
    <ClInclude Include="MonitorProtocol.h">
      <Filter>헤더 파일</Filter>
    </ClInclude>
    <ClInclude Include="HardMonsterGroup.h">
      <Filter>헤더 파일</Filter>
    </ClInclude>
  </ItemGroup>
  <ItemGroup>
    <Text Include="DBSetting.txt">
      <Filter>소스 파일</Filter>
    </Text>
    <Text Include="serverInfo.txt">
      <Filter>소스 파일</Filter>
    </Text>
    <Text Include="serverSetting.txt">
      <Filter>소스 파일</Filter>
    </Text>
    <Text Include="subnetSetting.txt">
      <Filter>소스 파일</Filter>
    </Text>
    <Text Include="..\..\..\..\OneDrive\university\portfolio\packetParser\PacketDefine.txt" />
    <Text Include="..\..\..\..\OneDrive\university\portfolio\packetParser\sql_queries.txt" />
  </ItemGroup>
  <ItemGroup>
    <None Include="..\..\..\..\OneDrive\university\portfolio\packetParser\GenDBData.py" />
    <None Include="..\..\..\..\OneDrive\university\portfolio\packetParser\MyParser.py" />
    <None Include="packages.config" />
  </ItemGroup>
  <ItemGroup>
    <Natvis Include="MyDebug.natvis">
      <Filter>소스 파일</Filter>
    </Natvis>
  </ItemGroup>
</Project>